
Microsoft Visual Studio Solution File, Format Version 12.00
# Visual Studio 14
VisualStudioVersion = 14.0.25420.1
MinimumVisualStudioVersion = 10.0.40219.1
Project("{FAE04EC0-301F-11D3-BF4B-00C04F79EFBC}") = "SimuladorCooperativaVerde.ServiceBusRole", "ServiceBusRole\SimuladorCooperativaVerde.ServiceBusRole.csproj", "{A6BD7393-1F4D-4F3E-8ADC-205E0C3F1106}"
EndProject
Project("{FAE04EC0-301F-11D3-BF4B-00C04F79EFBC}") = "SimuladorCooperativaVerde.ConsolaPruebas", "ConsolaPruebas\SimuladorCooperativaVerde.ConsolaPruebas.csproj", "{58E8CA69-CBE7-4A56-ADC8-6E32F076D59C}"
EndProject
Project("{FAE04EC0-301F-11D3-BF4B-00C04F79EFBC}") = "SimuladorCooperativaVerde .CapaPersistencia", "SimuladorCooperativaVerde.CapaPersistencia\SimuladorCooperativaVerde .CapaPersistencia.csproj", "{466D6513-EF6A-4D15-9123-0AF84D018E0B}"
EndProject
Project("{FAE04EC0-301F-11D3-BF4B-00C04F79EFBC}") = "SimuladorCooperativaVerde.Logica", "SimuladorCooperativaVerde.Logica\SimuladorCooperativaVerde.Logica.csproj", "{FEAD8A04-CC1B-4165-B2B2-382888EC6F41}"
EndProject
Project("{FAE04EC0-301F-11D3-BF4B-00C04F79EFBC}") = "SimuladorCooperativaVerde.ModeloDatos", "SimuladorCooperativaVerde.ModeloDatos\SimuladorCooperativaVerde.ModeloDatos.csproj", "{CB172AB1-0E1C-4B63-94C1-8F2C15770322}"
EndProject
Project("{CC5FD16D-436D-48AD-A40C-5A424C6E3E79}") = "SimuladorCooperativaVerde", "SimuladorCooperativaVerde\SimuladorCooperativaVerde.ccproj", "{35470E1F-563E-4FF9-B499-A74AE436F144}"
EndProject
Project("{FAE04EC0-301F-11D3-BF4B-00C04F79EFBC}") = "SimuladorCooperativaVerde.Comun", "SimuladorCooperativaVerde.Comun\SimuladorCooperativaVerde.Comun.csproj", "{FCB9FE83-E2D9-4017-9850-A5EE1AE79B4F}"
EndProject
Global
	GlobalSection(SolutionConfigurationPlatforms) = preSolution
		Debug|Any CPU = Debug|Any CPU
		Release|Any CPU = Release|Any CPU
	EndGlobalSection
	GlobalSection(ProjectConfigurationPlatforms) = postSolution
		{A6BD7393-1F4D-4F3E-8ADC-205E0C3F1106}.Debug|Any CPU.ActiveCfg = Debug|Any CPU
		{A6BD7393-1F4D-4F3E-8ADC-205E0C3F1106}.Debug|Any CPU.Build.0 = Debug|Any CPU
		{A6BD7393-1F4D-4F3E-8ADC-205E0C3F1106}.Release|Any CPU.ActiveCfg = Release|Any CPU
		{A6BD7393-1F4D-4F3E-8ADC-205E0C3F1106}.Release|Any CPU.Build.0 = Release|Any CPU
		{58E8CA69-CBE7-4A56-ADC8-6E32F076D59C}.Debug|Any CPU.ActiveCfg = Debug|Any CPU
		{58E8CA69-CBE7-4A56-ADC8-6E32F076D59C}.Debug|Any CPU.Build.0 = Debug|Any CPU
		{58E8CA69-CBE7-4A56-ADC8-6E32F076D59C}.Release|Any CPU.ActiveCfg = Release|Any CPU
		{58E8CA69-CBE7-4A56-ADC8-6E32F076D59C}.Release|Any CPU.Build.0 = Release|Any CPU
		{466D6513-EF6A-4D15-9123-0AF84D018E0B}.Debug|Any CPU.ActiveCfg = Debug|Any CPU
		{466D6513-EF6A-4D15-9123-0AF84D018E0B}.Debug|Any CPU.Build.0 = Debug|Any CPU
		{466D6513-EF6A-4D15-9123-0AF84D018E0B}.Release|Any CPU.ActiveCfg = Release|Any CPU
		{466D6513-EF6A-4D15-9123-0AF84D018E0B}.Release|Any CPU.Build.0 = Release|Any CPU
		{FEAD8A04-CC1B-4165-B2B2-382888EC6F41}.Debug|Any CPU.ActiveCfg = Debug|Any CPU
		{FEAD8A04-CC1B-4165-B2B2-382888EC6F41}.Debug|Any CPU.Build.0 = Debug|Any CPU
		{FEAD8A04-CC1B-4165-B2B2-382888EC6F41}.Release|Any CPU.ActiveCfg = Release|Any CPU
		{FEAD8A04-CC1B-4165-B2B2-382888EC6F41}.Release|Any CPU.Build.0 = Release|Any CPU
		{CB172AB1-0E1C-4B63-94C1-8F2C15770322}.Debug|Any CPU.ActiveCfg = Debug|Any CPU
		{CB172AB1-0E1C-4B63-94C1-8F2C15770322}.Debug|Any CPU.Build.0 = Debug|Any CPU
		{CB172AB1-0E1C-4B63-94C1-8F2C15770322}.Release|Any CPU.ActiveCfg = Release|Any CPU
		{CB172AB1-0E1C-4B63-94C1-8F2C15770322}.Release|Any CPU.Build.0 = Release|Any CPU
		{35470E1F-563E-4FF9-B499-A74AE436F144}.Debug|Any CPU.ActiveCfg = Debug|Any CPU
		{35470E1F-563E-4FF9-B499-A74AE436F144}.Debug|Any CPU.Build.0 = Debug|Any CPU
		{35470E1F-563E-4FF9-B499-A74AE436F144}.Release|Any CPU.ActiveCfg = Release|Any CPU
		{35470E1F-563E-4FF9-B499-A74AE436F144}.Release|Any CPU.Build.0 = Release|Any CPU
		{FCB9FE83-E2D9-4017-9850-A5EE1AE79B4F}.Debug|Any CPU.ActiveCfg = Debug|Any CPU
		{FCB9FE83-E2D9-4017-9850-A5EE1AE79B4F}.Debug|Any CPU.Build.0 = Debug|Any CPU
		{FCB9FE83-E2D9-4017-9850-A5EE1AE79B4F}.Release|Any CPU.ActiveCfg = Release|Any CPU
		{FCB9FE83-E2D9-4017-9850-A5EE1AE79B4F}.Release|Any CPU.Build.0 = Release|Any CPU
	EndGlobalSection
	GlobalSection(SolutionProperties) = preSolution
		HideSolutionNode = FALSE
	EndGlobalSection
EndGlobal
